
Microsoft Visual Studio Solution File, Format Version 11.00
# Visual Studio 2010
Project("{FAE04EC0-301F-11D3-BF4B-00C04F79EFBC}") = "GX.Architecture", "GX.Architecture.csproj", "{C3A5DE03-B6E1-4B0B-8FE5-8C1B324BA950}"
EndProject
Global
	GlobalSection(SolutionConfigurationPlatforms) = preSolution
		Debug|Any CPU = Debug|Any CPU
		Release|Any CPU = Release|Any CPU
	EndGlobalSection
	GlobalSection(ProjectConfigurationPlatforms) = postSolution
		{C3A5DE03-B6E1-4B0B-8FE5-8C1B324BA950}.Debug|Any CPU.ActiveCfg = Debug|Any CPU
		{C3A5DE03-B6E1-4B0B-8FE5-8C1B324BA950}.Debug|Any CPU.Build.0 = Debug|Any CPU
		{C3A5DE03-B6E1-4B0B-8FE5-8C1B324BA950}.Release|Any CPU.ActiveCfg = Release|Any CPU
		{C3A5DE03-B6E1-4B0B-8FE5-8C1B324BA950}.Release|Any CPU.Build.0 = Release|Any CPU
	EndGlobalSection
	GlobalSection(SolutionProperties) = preSolution
		HideSolutionNode = FALSE
	EndGlobalSection
EndGlobal
